
Microsoft Visual Studio Solution File, Format Version 12.00
# Visual Studio Version 16
VisualStudioVersion = 16.0.30011.22
MinimumVisualStudioVersion = 10.0.40219.1
Project("{FAE04EC0-301F-11D3-BF4B-00C04F79EFBC}") = "GTL_Project", "GTL_Project\GTL_Project.csproj", "{7C1829E6-40B6-4F33-B5F8-FB910C5D86AB}"
EndProject
Project("{FAE04EC0-301F-11D3-BF4B-00C04F79EFBC}") = "DataLayer", "DataLayer\DataLayer.csproj", "{BF10844A-6CA6-4C99-A0F1-C937A706E41F}"
EndProject
Project("{00D1A9C2-B5F0-4AF3-8072-F6C62B433612}") = "Database1", "Database1\Database1.sqlproj", "{42283F13-6D7C-4588-B2D1-4C9587A6470D}"
EndProject
Global
	GlobalSection(SolutionConfigurationPlatforms) = preSolution
		Debug|Any CPU = Debug|Any CPU
		Release|Any CPU = Release|Any CPU
	EndGlobalSection
	GlobalSection(ProjectConfigurationPlatforms) = postSolution
		{7C1829E6-40B6-4F33-B5F8-FB910C5D86AB}.Debug|Any CPU.ActiveCfg = Debug|Any CPU
		{7C1829E6-40B6-4F33-B5F8-FB910C5D86AB}.Debug|Any CPU.Build.0 = Debug|Any CPU
		{7C1829E6-40B6-4F33-B5F8-FB910C5D86AB}.Release|Any CPU.ActiveCfg = Release|Any CPU
		{7C1829E6-40B6-4F33-B5F8-FB910C5D86AB}.Release|Any CPU.Build.0 = Release|Any CPU
		{BF10844A-6CA6-4C99-A0F1-C937A706E41F}.Debug|Any CPU.ActiveCfg = Debug|Any CPU
		{BF10844A-6CA6-4C99-A0F1-C937A706E41F}.Debug|Any CPU.Build.0 = Debug|Any CPU
		{BF10844A-6CA6-4C99-A0F1-C937A706E41F}.Release|Any CPU.ActiveCfg = Release|Any CPU
		{BF10844A-6CA6-4C99-A0F1-C937A706E41F}.Release|Any CPU.Build.0 = Release|Any CPU
		{42283F13-6D7C-4588-B2D1-4C9587A6470D}.Debug|Any CPU.ActiveCfg = Debug|Any CPU
		{42283F13-6D7C-4588-B2D1-4C9587A6470D}.Debug|Any CPU.Build.0 = Debug|Any CPU
		{42283F13-6D7C-4588-B2D1-4C9587A6470D}.Debug|Any CPU.Deploy.0 = Debug|Any CPU
		{42283F13-6D7C-4588-B2D1-4C9587A6470D}.Release|Any CPU.ActiveCfg = Release|Any CPU
		{42283F13-6D7C-4588-B2D1-4C9587A6470D}.Release|Any CPU.Build.0 = Release|Any CPU
		{42283F13-6D7C-4588-B2D1-4C9587A6470D}.Release|Any CPU.Deploy.0 = Release|Any CPU
	EndGlobalSection
	GlobalSection(SolutionProperties) = preSolution
		HideSolutionNode = FALSE
	EndGlobalSection
	GlobalSection(ExtensibilityGlobals) = postSolution
		SolutionGuid = {3CF3B38B-B157-473C-9E5C-14269B8FFDA4}
	EndGlobalSection
EndGlobal
